// !$*UTF8*$!
{
	archiveVersion = 1;
	classes = {
	};
	objectVersion = 55;
	objects = {

/* Begin PBXBuildFile section */
		522DB37128AC403800665B39 /* Home.swift in Sources */ = {isa = PBXBuildFile; fileRef = 522DB37028AC403800665B39 /* Home.swift */; };
		522DB37328AC49FE00665B39 /* FrasesView.swift in Sources */ = {isa = PBXBuildFile; fileRef = 522DB37228AC49FE00665B39 /* FrasesView.swift */; };
		524DFAFE28ABDB9900FFA6A1 /* FrasesAPIApp.swift in Sources */ = {isa = PBXBuildFile; fileRef = 524DFAFD28ABDB9900FFA6A1 /* FrasesAPIApp.swift */; };
		524DFB0028ABDB9900FFA6A1 /* ContentView.swift in Sources */ = {isa = PBXBuildFile; fileRef = 524DFAFF28ABDB9900FFA6A1 /* ContentView.swift */; };
		524DFB0228ABDB9B00FFA6A1 /* Assets.xcassets in Resources */ = {isa = PBXBuildFile; fileRef = 524DFB0128ABDB9B00FFA6A1 /* Assets.xcassets */; };
		524DFB0528ABDB9B00FFA6A1 /* Preview Assets.xcassets in Resources */ = {isa = PBXBuildFile; fileRef = 524DFB0428ABDB9B00FFA6A1 /* Preview Assets.xcassets */; };
		524DFB0C28ABDBE100FFA6A1 /* Frases.swift in Sources */ = {isa = PBXBuildFile; fileRef = 524DFB0B28ABDBE100FFA6A1 /* Frases.swift */; };
/* End PBXBuildFile section */

/* Begin PBXFileReference section */
		522DB37028AC403800665B39 /* Home.swift */ = {isa = PBXFileReference; lastKnownFileType = sourcecode.swift; path = Home.swift; sourceTree = "<group>"; };
		522DB37228AC49FE00665B39 /* FrasesView.swift */ = {isa = PBXFileReference; lastKnownFileType = sourcecode.swift; path = FrasesView.swift; sourceTree = "<group>"; };
		524DFAFA28ABDB9900FFA6A1 /* FrasesAPI.app */ = {isa = PBXFileReference; explicitFileType = wrapper.application; includeInIndex = 0; path = FrasesAPI.app; sourceTree = BUILT_PRODUCTS_DIR; };
		524DFAFD28ABDB9900FFA6A1 /* FrasesAPIApp.swift */ = {isa = PBXFileReference; lastKnownFileType = sourcecode.swift; path = FrasesAPIApp.swift; sourceTree = "<group>"; };
		524DFAFF28ABDB9900FFA6A1 /* ContentView.swift */ = {isa = PBXFileReference; lastKnownFileType = sourcecode.swift; path = ContentView.swift; sourceTree = "<group>"; };
		524DFB0128ABDB9B00FFA6A1 /* Assets.xcassets */ = {isa = PBXFileReference; lastKnownFileType = folder.assetcatalog; path = Assets.xcassets; sourceTree = "<group>"; };
		524DFB0428ABDB9B00FFA6A1 /* Preview Assets.xcassets */ = {isa = PBXFileReference; lastKnownFileType = folder.assetcatalog; path = "Preview Assets.xcassets"; sourceTree = "<group>"; };
		524DFB0B28ABDBE100FFA6A1 /* Frases.swift */ = {isa = PBXFileReference; lastKnownFileType = sourcecode.swift; path = Frases.swift; sourceTree = "<group>"; };
/* End PBXFileReference section */

/* Begin PBXFrameworksBuildPhase section */
		524DFAF728ABDB9900FFA6A1 /* Frameworks */ = {
			isa = PBXFrameworksBuildPhase;
			buildActionMask = 2147483647;
			files = (
			);
			runOnlyForDeploymentPostprocessing = 0;
		};
/* End PBXFrameworksBuildPhase section */

/* Begin PBXGroup section */
		524DFAF128ABDB9900FFA6A1 = {
			isa = PBXGroup;
			children = (
				524DFAFC28ABDB9900FFA6A1 /* FrasesAPI */,
				524DFAFB28ABDB9900FFA6A1 /* Products */,
			);
			sourceTree = "<group>";
		};
		524DFAFB28ABDB9900FFA6A1 /* Products */ = {
			isa = PBXGroup;
			children = (
				524DFAFA28ABDB9900FFA6A1 /* FrasesAPI.app */,
			);
			name = Products;
			sourceTree = "<group>";
		};
		524DFAFC28ABDB9900FFA6A1 /* FrasesAPI */ = {
			isa = PBXGroup;
			children = (
				524DFAFD28ABDB9900FFA6A1 /* FrasesAPIApp.swift */,
				522DB37028AC403800665B39 /* Home.swift */,
				522DB37228AC49FE00665B39 /* FrasesView.swift */,
				524DFAFF28ABDB9900FFA6A1 /* ContentView.swift */,
				524DFB0128ABDB9B00FFA6A1 /* Assets.xcassets */,
				524DFB0328ABDB9B00FFA6A1 /* Preview Content */,
				524DFB0B28ABDBE100FFA6A1 /* Frases.swift */,
			);
			path = FrasesAPI;
			sourceTree = "<group>";
		};
		524DFB0328ABDB9B00FFA6A1 /* Preview Content */ = {
			isa = PBXGroup;
			children = (
				524DFB0428ABDB9B00FFA6A1 /* Preview Assets.xcassets */,
			);
			path = "Preview Content";
			sourceTree = "<group>";
		};
/* End PBXGroup section */

/* Begin PBXNativeTarget section */
		524DFAF928ABDB9900FFA6A1 /* FrasesAPI */ = {
			isa = PBXNativeTarget;
			buildConfigurationList = 524DFB0828ABDB9B00FFA6A1 /* Build configuration list for PBXNativeTarget "FrasesAPI" */;
			buildPhases = (
				524DFAF628ABDB9900FFA6A1 /* Sources */,
				524DFAF728ABDB9900FFA6A1 /* Frameworks */,
				524DFAF828ABDB9900FFA6A1 /* Resources */,
			);
			buildRules = (
			);
			dependencies = (
			);
			name = FrasesAPI;
			productName = FrasesAPI;
			productReference = 524DFAFA28ABDB9900FFA6A1 /* FrasesAPI.app */;
			productType = "com.apple.product-type.application";
		};
/* End PBXNativeTarget section */

/* Begin PBXProject section */
		524DFAF228ABDB9900FFA6A1 /* Project object */ = {
			isa = PBXProject;
			attributes = {
				BuildIndependentTargetsInParallel = 1;
				LastSwiftUpdateCheck = 1320;
				LastUpgradeCheck = 1320;
				TargetAttributes = {
					524DFAF928ABDB9900FFA6A1 = {
						CreatedOnToolsVersion = 13.2.1;
					};
				};
			};
			buildConfigurationList = 524DFAF528ABDB9900FFA6A1 /* Build configuration list for PBXProject "FrasesAPI" */;
			compatibilityVersion = "Xcode 13.0";
			developmentRegion = en;
			hasScannedForEncodings = 0;
			knownRegions = (
				en,
				Base,
			);
			mainGroup = 524DFAF128ABDB9900FFA6A1;
			productRefGroup = 524DFAFB28ABDB9900FFA6A1 /* Products */;
			projectDirPath = "";
			projectRoot = "";
			targets = (
				524DFAF928ABDB9900FFA6A1 /* FrasesAPI */,
			);
		};
/* End PBXProject section */

/* Begin PBXResourcesBuildPhase section */
		524DFAF828ABDB9900FFA6A1 /* Resources */ = {
			isa = PBXResourcesBuildPhase;
			buildActionMask = 2147483647;
			files = (
				524DFB0528ABDB9B00FFA6A1 /* Preview Assets.xcassets in Resources */,
				524DFB0228ABDB9B00FFA6A1 /* Assets.xcassets in Resources */,
			);
			runOnlyForDeploymentPostprocessing = 0;
		};
/* End PBXResourcesBuildPhase section */

/* Begin PBXSourcesBuildPhase section */
		524DFAF628ABDB9900FFA6A1 /* Sources */ = {
			isa = PBXSourcesBuildPhase;
			buildActionMask = 2147483647;
			files = (
				524DFB0028ABDB9900FFA6A1 /* ContentView.swift in Sources */,
				522DB37328AC49FE00665B39 /* FrasesView.swift in Sources */,
				524DFAFE28ABDB9900FFA6A1 /* FrasesAPIApp.swift in Sources */,
				522DB37128AC403800665B39 /* Home.swift in Sources */,
				524DFB0C28ABDBE100FFA6A1 /* Frases.swift in Sources */,
			);
			runOnlyForDeploymentPostprocessing = 0;
		};
/* End PBXSourcesBuildPhase section */

/* Begin XCBuildConfiguration section */
		524DFB0628ABDB9B00FFA6A1 /* Debug */ = {
			isa = XCBuildConfiguration;
			buildSettings = {
				ALWAYS_SEARCH_USER_PATHS = NO;
				CLANG_ANALYZER_NONNULL = YES;
				CLANG_ANALYZER_NUMBER_OBJECT_CONVERSION = YES_AGGRESSIVE;
				CLANG_CXX_LANGUAGE_STANDARD = "gnu++17";
				CLANG_CXX_LIBRARY = "libc++";
				CLANG_ENABLE_MODULES = YES;
				CLANG_ENABLE_OBJC_ARC = YES;
				CLANG_ENABLE_OBJC_WEAK = YES;
				CLANG_WARN_BLOCK_CAPTURE_AUTORELEASING = YES;
				CLANG_WARN_BOOL_CONVERSION = YES;
				CLANG_WARN_COMMA = YES;
				CLANG_WARN_CONSTANT_CONVERSION = YES;
				CLANG_WARN_DEPRECATED_OBJC_IMPLEMENTATIONS = YES;
				CLANG_WARN_DIRECT_OBJC_ISA_USAGE = YES_ERROR;
				CLANG_WARN_DOCUMENTATION_COMMENTS = YES;
				CLANG_WARN_EMPTY_BODY = YES;
				CLANG_WARN_ENUM_CONVERSION = YES;
				CLANG_WARN_INFINITE_RECURSION = YES;
				CLANG_WARN_INT_CONVERSION = YES;
				CLANG_WARN_NON_LITERAL_NULL_CONVERSION = YES;
				CLANG_WARN_OBJC_IMPLICIT_RETAIN_SELF = YES;
				CLANG_WARN_OBJC_LITERAL_CONVERSION = YES;
				CLANG_WARN_OBJC_ROOT_CLASS = YES_ERROR;
				CLANG_WARN_QUOTED_INCLUDE_IN_FRAMEWORK_HEADER = YES;
				CLANG_WARN_RANGE_LOOP_ANALYSIS = YES;
				CLANG_WARN_STRICT_PROTOTYPES = YES;
				CLANG_WARN_SUSPICIOUS_MOVE = YES;
				CLANG_WARN_UNGUARDED_AVAILABILITY = YES_AGGRESSIVE;
				CLANG_WARN_UNREACHABLE_CODE = YES;
				CLANG_WARN__DUPLICATE_METHOD_MATCH = YES;
				COPY_PHASE_STRIP = NO;
				DEBUG_INFORMATION_FORMAT = dwarf;
				ENABLE_STRICT_OBJC_MSGSEND = YES;
				ENABLE_TESTABILITY = YES;
				GCC_C_LANGUAGE_STANDARD = gnu11;
				GCC_DYNAMIC_NO_PIC = NO;
				GCC_NO_COMMON_BLOCKS = YES;
				GCC_OPTIMIZATION_LEVEL = 0;
				GCC_PREPROCESSOR_DEFINITIONS = (
					"DEBUG=1",
					"$(inherited)",
				);
				GCC_WARN_64_TO_32_BIT_CONVERSION = YES;
				GCC_WARN_ABOUT_RETURN_TYPE = YES_ERROR;
				GCC_WARN_UNDECLARED_SELECTOR = YES;
				GCC_WARN_UNINITIALIZED_AUTOS = YES_AGGRESSIVE;
				GCC_WARN_UNUSED_FUNCTION = YES;
				GCC_WARN_UNUSED_VARIABLE = YES;
				IPHONEOS_DEPLOYMENT_TARGET = 15.2;
				MTL_ENABLE_DEBUG_INFO = INCLUDE_SOURCE;
				MTL_FAST_MATH = YES;
				ONLY_ACTIVE_ARCH = YES;
				SDKROOT = iphoneos;
				SWIFT_ACTIVE_COMPILATION_CONDITIONS = DEBUG;
				SWIFT_OPTIMIZATION_LEVEL = "-Onone";
			};
			name = Debug;
		};
		524DFB0728ABDB9B00FFA6A1 /* Release */ = {
			isa = XCBuildConfiguration;
			buildSettings = {
				ALWAYS_SEARCH_USER_PATHS = NO;
				CLANG_ANALYZER_NONNULL = YES;
				CLANG_ANALYZER_NUMBER_OBJECT_CONVERSION = YES_AGGRESSIVE;
				CLANG_CXX_LANGUAGE_STANDARD = "gnu++17";
				CLANG_CXX_LIBRARY = "libc++";
				CLANG_ENABLE_MODULES = YES;
				CLANG_ENABLE_OBJC_ARC = YES;
				CLANG_ENABLE_OBJC_WEAK = YES;
				CLANG_WARN_BLOCK_CAPTURE_AUTORELEASING = YES;
				CLANG_WARN_BOOL_CONVERSION = YES;
				CLANG_WARN_COMMA = YES;
				CLANG_WARN_CONSTANT_CONVERSION = YES;
				CLANG_WARN_DEPRECATED_OBJC_IMPLEMENTATIONS = YES;
				CLANG_WARN_DIRECT_OBJC_ISA_USAGE = YES_ERROR;
				CLANG_WARN_DOCUMENTATION_COMMENTS = YES;
				CLANG_WARN_EMPTY_BODY = YES;
				CLANG_WARN_ENUM_CONVERSION = YES;
				CLANG_WARN_INFINITE_RECURSION = YES;
				CLANG_WARN_INT_CONVERSION = YES;
				CLANG_WARN_NON_LITERAL_NULL_CONVERSION = YES;
				CLANG_WARN_OBJC_IMPLICIT_RETAIN_SELF = YES;
				CLANG_WARN_OBJC_LITERAL_CONVERSION = YES;
				CLANG_WARN_OBJC_ROOT_CLASS = YES_ERROR;
				CLANG_WARN_QUOTED_INCLUDE_IN_FRAMEWORK_HEADER = YES;
				CLANG_WARN_RANGE_LOOP_ANALYSIS = YES;
				CLANG_WARN_STRICT_PROTOTYPES = YES;
				CLANG_WARN_SUSPICIOUS_MOVE = YES;
				CLANG_WARN_UNGUARDED_AVAILABILITY = YES_AGGRESSIVE;
				CLANG_WARN_UNREACHABLE_CODE = YES;
				CLANG_WARN__DUPLICATE_METHOD_MATCH = YES;
				COPY_PHASE_STRIP = NO;
				DEBUG_INFORMATION_FORMAT = "dwarf-with-dsym";
				ENABLE_NS_ASSERTIONS = NO;
				ENABLE_STRICT_OBJC_MSGSEND = YES;
				GCC_C_LANGUAGE_STANDARD = gnu11;
				GCC_NO_COMMON_BLOCKS = YES;
				GCC_WARN_64_TO_32_BIT_CONVERSION = YES;
				GCC_WARN_ABOUT_RETURN_TYPE = YES_ERROR;
				GCC_WARN_UNDECLARED_SELECTOR = YES;
				GCC_WARN_UNINITIALIZED_AUTOS = YES_AGGRESSIVE;
				GCC_WARN_UNUSED_FUNCTION = YES;
				GCC_WARN_UNUSED_VARIABLE = YES;
				IPHONEOS_DEPLOYMENT_TARGET = 15.2;
				MTL_ENABLE_DEBUG_INFO = NO;
				MTL_FAST_MATH = YES;
				SDKROOT = iphoneos;
				SWIFT_COMPILATION_MODE = wholemodule;
				SWIFT_OPTIMIZATION_LEVEL = "-O";
				VALIDATE_PRODUCT = YES;
			};
			name = Release;
		};
		524DFB0928ABDB9B00FFA6A1 /* Debug */ = {
			isa = XCBuildConfiguration;
			buildSettings = {
				ASSETCATALOG_COMPILER_APPICON_NAME = AppIcon;
				ASSETCATALOG_COMPILER_GLOBAL_ACCENT_COLOR_NAME = AccentColor;
				CODE_SIGN_STYLE = Automatic;
				CURRENT_PROJECT_VERSION = 1;
				DEVELOPMENT_ASSET_PATHS = "\"FrasesAPI/Preview Content\"";
				DEVELOPMENT_TEAM = 7GDT6SSAL3;
				ENABLE_PREVIEWS = YES;
				GENERATE_INFOPLIST_FILE = YES;
				INFOPLIST_KEY_UIApplicationSceneManifest_Generation = YES;
				INFOPLIST_KEY_UIApplicationSupportsIndirectInputEvents = YES;
				INFOPLIST_KEY_UILaunchScreen_Generation = YES;
				INFOPLIST_KEY_UISupportedInterfaceOrientations_iPad = "UIInterfaceOrientationPortrait UIInterfaceOrientationPortraitUpsideDown UIInterfaceOrientationLandscapeLeft UIInterfaceOrientationLandscapeRight";
				INFOPLIST_KEY_UISupportedInterfaceOrientations_iPhone = "UIInterfaceOrientationPortrait UIInterfaceOrientationLandscapeLeft UIInterfaceOrientationLandscapeRight";
				IPHONEOS_DEPLOYMENT_TARGET = 15.2;
				LD_RUNPATH_SEARCH_PATHS = (
					"$(inherited)",
					"@executable_path/Frameworks",
				);
				MARKETING_VERSION = 1.0;
				PRODUCT_BUNDLE_IDENTIFIER = com.juancruz.FrasesAPI;
				PRODUCT_NAME = "$(TARGET_NAME)";
				SWIFT_EMIT_LOC_STRINGS = YES;
				SWIFT_VERSION = 5.0;
				TARGETED_DEVICE_FAMILY = "1,2";
			};
			name = Debug;
		};
		524DFB0A28ABDB9B00FFA6A1 /* Release */ = {
			isa = XCBuildConfiguration;
			buildSettings = {
				ASSETCATALOG_COMPILER_APPICON_NAME = AppIcon;
				ASSETCATALOG_COMPILER_GLOBAL_ACCENT_COLOR_NAME = AccentColor;
				CODE_SIGN_STYLE = Automatic;
				CURRENT_PROJECT_VERSION = 1;
				DEVELOPMENT_ASSET_PATHS = "\"FrasesAPI/Preview Content\"";
				DEVELOPMENT_TEAM = 7GDT6SSAL3;
				ENABLE_PREVIEWS = YES;
				GENERATE_INFOPLIST_FILE = YES;
				INFOPLIST_KEY_UIApplicationSceneManifest_Generation = YES;
				INFOPLIST_KEY_UIApplicationSupportsIndirectInputEvents = YES;
				INFOPLIST_KEY_UILaunchScreen_Generation = YES;
				INFOPLIST_KEY_UISupportedInterfaceOrientations_iPad = "UIInterfaceOrientationPortrait UIInterfaceOrientationPortraitUpsideDown UIInterfaceOrientationLandscapeLeft UIInterfaceOrientationLandscapeRight";
				INFOPLIST_KEY_UISupportedInterfaceOrientations_iPhone = "UIInterfaceOrientationPortrait UIInterfaceOrientationLandscapeLeft UIInterfaceOrientationLandscapeRight";
				IPHONEOS_DEPLOYMENT_TARGET = 15.2;
				LD_RUNPATH_SEARCH_PATHS = (
					"$(inherited)",
					"@executable_path/Frameworks",
				);
				MARKETING_VERSION = 1.0;
				PRODUCT_BUNDLE_IDENTIFIER = com.juancruz.FrasesAPI;
				PRODUCT_NAME = "$(TARGET_NAME)";
				SWIFT_EMIT_LOC_STRINGS = YES;
				SWIFT_VERSION = 5.0;
				TARGETED_DEVICE_FAMILY = "1,2";
			};
			name = Release;
		};
/* End XCBuildConfiguration section */

/* Begin XCConfigurationList section */
		524DFAF528ABDB9900FFA6A1 /* Build configuration list for PBXProject "FrasesAPI" */ = {
			isa = XCConfigurationList;
			buildConfigurations = (
				524DFB0628ABDB9B00FFA6A1 /* Debug */,
				524DFB0728ABDB9B00FFA6A1 /* Release */,
			);
			defaultConfigurationIsVisible = 0;
			defaultConfigurationName = Release;
		};
		524DFB0828ABDB9B00FFA6A1 /* Build configuration list for PBXNativeTarget "FrasesAPI" */ = {
			isa = XCConfigurationList;
			buildConfigurations = (
				524DFB0928ABDB9B00FFA6A1 /* Debug */,
				524DFB0A28ABDB9B00FFA6A1 /* Release */,
			);
			defaultConfigurationIsVisible = 0;
			defaultConfigurationName = Release;
		};
/* End XCConfigurationList section */
	};
	rootObject = 524DFAF228ABDB9900FFA6A1 /* Project object */;
}
